{
  "version": 4,
  "terraform_version": "1.5.7",
  "serial": 40,
  "lineage": "1fd946dd-7738-2eac-b8bf-49bbba438d57",
  "outputs": {
    "master_ips": {
      "value": [
        [
          "66.228.34.195"
        ]
      ],
      "type": [
        "tuple",
        [
          [
            "set",
            "string"
          ]
        ]
      ]
    },
    "worker_ips": {
      "value": [
        [
          "66.228.34.30"
        ],
        [
          "198.74.58.224"
        ],
        [
          "45.79.138.238"
        ]
      ],
      "type": [
        "tuple",
        [
          [
            "set",
            "string"
          ],
          [
            "set",
            "string"
          ],
          [
            "set",
            "string"
          ]
        ]
      ]
    }
  },
  "resources": [
    {
      "mode": "managed",
      "type": "linode_instance",
      "name": "master",
      "provider": "provider[\"registry.terraform.io/linode/linode\"]",
      "instances": [
        {
          "index_key": 0,
          "schema_version": 0,
          "attributes": {
            "alerts": [
              {
                "cpu": 180,
                "io": 10000,
                "network_in": 10,
                "network_out": 10,
                "transfer_quota": 80
              }
            ],
            "authorized_keys": [
              "ssh-rsa AAAAB3NzaC1yc2EAAAADAQABAAABAQDAVjDXnHGiJO38rx2tikLpNMkRZHpWPIBOb1PrUn0k5h2a8xEHfrsbuhQCsuJqH2s8EeaTm+YwNZYBanIYwT0aMxSGC0VjvBydXkWdH3yFpgkqPGV1SjL4qPKwpO9P5Rf6DkOZgJ3UMxNC4IPnE/sKvXjNymBbx2k/J3ITUa3O73M8nS2fPfA2GL352vuL3O2NZFE1UOqPUp75LCc8DiHQMX+8oW2/YpWdtnGKqxe6k1OwWiImJ2BwXjGe44p4OP2Aez84o3HGQbDZ7f/veH2H58pLLxf3CJzQWVY91S/E4/Dy0jb6FAU3O+j+/eTU3214Bo2vQDJJDU22way1M9KH yannickeboo@Yannicks-MacBook-Air.local"
            ],
            "authorized_users": null,
            "backup_id": null,
            "backups": [
              {
                "available": false,
                "enabled": false,
                "schedule": [
                  {
                    "day": "",
                    "window": ""
                  }
                ]
              }
            ],
            "backups_enabled": false,
            "boot_config_label": "My CentOS Stream 9 Disk Profile",
            "booted": true,
            "config": [
              {
                "comments": "",
                "devices": [
                  {
                    "sda": [
                      {
                        "disk_id": 127664257,
                        "disk_label": "CentOS Stream 9 Disk",
                        "volume_id": 0
                      }
                    ],
                    "sdb": [
                      {
                        "disk_id": 127664259,
                        "disk_label": "512 MB Swap Image",
                        "volume_id": 0
                      }
                    ],
                    "sdc": [],
                    "sdd": [],
                    "sde": [],
                    "sdf": [],
                    "sdg": [],
                    "sdh": []
                  }
                ],
                "helpers": [
                  {
                    "devtmpfs_automount": true,
                    "distro": true,
                    "modules_dep": true,
                    "network": true,
                    "updatedb_disabled": true
                  }
                ],
                "interface": [],
                "kernel": "linode/grub2",
                "label": "My CentOS Stream 9 Disk Profile",
                "memory_limit": 0,
                "root_device": "/dev/sda",
                "run_level": "default",
                "virt_mode": "paravirt"
              }
            ],
            "disk": [
              {
                "authorized_keys": [],
                "authorized_users": [],
                "filesystem": "ext4",
                "id": 127664257,
                "image": "",
                "label": "CentOS Stream 9 Disk",
                "read_only": false,
                "root_pass": "",
                "size": 81408,
                "stackscript_data": {},
                "stackscript_id": 0
              },
              {
                "authorized_keys": [],
                "authorized_users": [],
                "filesystem": "swap",
                "id": 127664259,
                "image": "",
                "label": "512 MB Swap Image",
                "read_only": false,
                "root_pass": "",
                "size": 512,
                "stackscript_data": {},
                "stackscript_id": 0
              }
            ],
            "group": "",
            "host_uuid": "402327e1f8288fed6dceea3ced4f9ddf63474caf",
            "id": "65287858",
            "image": "linode/centos-stream9",
            "interface": [],
            "ip_address": "66.228.34.195",
            "ipv4": [
              "66.228.34.195"
            ],
            "ipv6": "2600:3c03::f03c:95ff:fece:a6a0/128",
            "label": "master-1",
            "private_ip": false,
            "private_ip_address": null,
            "region": "us-east",
            "resize_disk": false,
            "root_pass": null,
            "shared_ipv4": [],
            "specs": [
              {
                "disk": 81920,
                "memory": 4096,
                "transfer": 4000,
                "vcpus": 2
              }
            ],
            "stackscript_data": null,
            "stackscript_id": null,
            "status": "running",
            "swap_size": 512,
            "tags": [],
            "timeouts": null,
            "type": "g6-standard-2",
            "watchdog_enabled": true
          },
          "sensitive_attributes": [],
          "private": "eyJlMmJmYjczMC1lY2FhLTExZTYtOGY4OC0zNDM2M2JjN2M0YzAiOnsiY3JlYXRlIjo2MDAwMDAwMDAwMDAsImRlbGV0ZSI6NjAwMDAwMDAwMDAwLCJ1cGRhdGUiOjEyMDAwMDAwMDAwMDB9fQ=="
        }
      ]
    },
    {
      "mode": "managed",
      "type": "linode_instance",
      "name": "worker",
      "provider": "provider[\"registry.terraform.io/linode/linode\"]",
      "instances": [
        {
          "index_key": 0,
          "schema_version": 0,
          "attributes": {
            "alerts": [
              {
                "cpu": 180,
                "io": 10000,
                "network_in": 10,
                "network_out": 10,
                "transfer_quota": 80
              }
            ],
            "authorized_keys": [
              "ssh-rsa AAAAB3NzaC1yc2EAAAADAQABAAABAQDAVjDXnHGiJO38rx2tikLpNMkRZHpWPIBOb1PrUn0k5h2a8xEHfrsbuhQCsuJqH2s8EeaTm+YwNZYBanIYwT0aMxSGC0VjvBydXkWdH3yFpgkqPGV1SjL4qPKwpO9P5Rf6DkOZgJ3UMxNC4IPnE/sKvXjNymBbx2k/J3ITUa3O73M8nS2fPfA2GL352vuL3O2NZFE1UOqPUp75LCc8DiHQMX+8oW2/YpWdtnGKqxe6k1OwWiImJ2BwXjGe44p4OP2Aez84o3HGQbDZ7f/veH2H58pLLxf3CJzQWVY91S/E4/Dy0jb6FAU3O+j+/eTU3214Bo2vQDJJDU22way1M9KH yannickeboo@Yannicks-MacBook-Air.local"
            ],
            "authorized_users": null,
            "backup_id": null,
            "backups": [
              {
                "available": false,
                "enabled": false,
                "schedule": [
                  {
                    "day": "",
                    "window": ""
                  }
                ]
              }
            ],
            "backups_enabled": false,
            "boot_config_label": "My CentOS Stream 9 Disk Profile",
            "booted": true,
            "config": [
              {
                "comments": "",
                "devices": [
                  {
                    "sda": [
                      {
                        "disk_id": 127664252,
                        "disk_label": "CentOS Stream 9 Disk",
                        "volume_id": 0
                      }
                    ],
                    "sdb": [
                      {
                        "disk_id": 127664255,
                        "disk_label": "512 MB Swap Image",
                        "volume_id": 0
                      }
                    ],
                    "sdc": [],
                    "sdd": [],
                    "sde": [],
                    "sdf": [],
                    "sdg": [],
                    "sdh": []
                  }
                ],
                "helpers": [
                  {
                    "devtmpfs_automount": true,
                    "distro": true,
                    "modules_dep": true,
                    "network": true,
                    "updatedb_disabled": true
                  }
                ],
                "interface": [],
                "kernel": "linode/grub2",
                "label": "My CentOS Stream 9 Disk Profile",
                "memory_limit": 0,
                "root_device": "/dev/sda",
                "run_level": "default",
                "virt_mode": "paravirt"
              }
            ],
            "disk": [
              {
                "authorized_keys": [],
                "authorized_users": [],
                "filesystem": "ext4",
                "id": 127664252,
                "image": "",
                "label": "CentOS Stream 9 Disk",
                "read_only": false,
                "root_pass": "",
                "size": 81408,
                "stackscript_data": {},
                "stackscript_id": 0
              },
              {
                "authorized_keys": [],
                "authorized_users": [],
                "filesystem": "swap",
                "id": 127664255,
                "image": "",
                "label": "512 MB Swap Image",
                "read_only": false,
                "root_pass": "",
                "size": 512,
                "stackscript_data": {},
                "stackscript_id": 0
              }
            ],
            "group": "",
            "host_uuid": "d1576adbf3a279fcc71112e4255bf2a99ba381d4",
            "id": "65287856",
            "image": "linode/centos-stream9",
            "interface": [],
            "ip_address": "66.228.34.30",
            "ipv4": [
              "66.228.34.30"
            ],
            "ipv6": "2600:3c03::f03c:95ff:fece:a673/128",
            "label": "worker-1",
            "private_ip": false,
            "private_ip_address": null,
            "region": "us-east",
            "resize_disk": false,
            "root_pass": null,
            "shared_ipv4": [],
            "specs": [
              {
                "disk": 81920,
                "memory": 4096,
                "transfer": 4000,
                "vcpus": 2
              }
            ],
            "stackscript_data": null,
            "stackscript_id": null,
            "status": "running",
            "swap_size": 512,
            "tags": [],
            "timeouts": null,
            "type": "g6-standard-2",
            "watchdog_enabled": true
          },
          "sensitive_attributes": [],
          "private": "eyJlMmJmYjczMC1lY2FhLTExZTYtOGY4OC0zNDM2M2JjN2M0YzAiOnsiY3JlYXRlIjo2MDAwMDAwMDAwMDAsImRlbGV0ZSI6NjAwMDAwMDAwMDAwLCJ1cGRhdGUiOjEyMDAwMDAwMDAwMDB9fQ=="
        },
        {
          "index_key": 1,
          "schema_version": 0,
          "attributes": {
            "alerts": [
              {
                "cpu": 180,
                "io": 10000,
                "network_in": 10,
                "network_out": 10,
                "transfer_quota": 80
              }
            ],
            "authorized_keys": [
              "ssh-rsa AAAAB3NzaC1yc2EAAAADAQABAAABAQDAVjDXnHGiJO38rx2tikLpNMkRZHpWPIBOb1PrUn0k5h2a8xEHfrsbuhQCsuJqH2s8EeaTm+YwNZYBanIYwT0aMxSGC0VjvBydXkWdH3yFpgkqPGV1SjL4qPKwpO9P5Rf6DkOZgJ3UMxNC4IPnE/sKvXjNymBbx2k/J3ITUa3O73M8nS2fPfA2GL352vuL3O2NZFE1UOqPUp75LCc8DiHQMX+8oW2/YpWdtnGKqxe6k1OwWiImJ2BwXjGe44p4OP2Aez84o3HGQbDZ7f/veH2H58pLLxf3CJzQWVY91S/E4/Dy0jb6FAU3O+j+/eTU3214Bo2vQDJJDU22way1M9KH yannickeboo@Yannicks-MacBook-Air.local"
            ],
            "authorized_users": null,
            "backup_id": null,
            "backups": [
              {
                "available": false,
                "enabled": false,
                "schedule": [
                  {
                    "day": "",
                    "window": ""
                  }
                ]
              }
            ],
            "backups_enabled": false,
            "boot_config_label": "My CentOS Stream 9 Disk Profile",
            "booted": true,
            "config": [
              {
                "comments": "",
                "devices": [
                  {
                    "sda": [
                      {
                        "disk_id": 127664261,
                        "disk_label": "CentOS Stream 9 Disk",
                        "volume_id": 0
                      }
                    ],
                    "sdb": [
                      {
                        "disk_id": 127664263,
                        "disk_label": "512 MB Swap Image",
                        "volume_id": 0
                      }
                    ],
                    "sdc": [],
                    "sdd": [],
                    "sde": [],
                    "sdf": [],
                    "sdg": [],
                    "sdh": []
                  }
                ],
                "helpers": [
                  {
                    "devtmpfs_automount": true,
                    "distro": true,
                    "modules_dep": true,
                    "network": true,
                    "updatedb_disabled": true
                  }
                ],
                "interface": [],
                "kernel": "linode/grub2",
                "label": "My CentOS Stream 9 Disk Profile",
                "memory_limit": 0,
                "root_device": "/dev/sda",
                "run_level": "default",
                "virt_mode": "paravirt"
              }
            ],
            "disk": [
              {
                "authorized_keys": [],
                "authorized_users": [],
                "filesystem": "ext4",
                "id": 127664261,
                "image": "",
                "label": "CentOS Stream 9 Disk",
                "read_only": false,
                "root_pass": "",
                "size": 81408,
                "stackscript_data": {},
                "stackscript_id": 0
              },
              {
                "authorized_keys": [],
                "authorized_users": [],
                "filesystem": "swap",
                "id": 127664263,
                "image": "",
                "label": "512 MB Swap Image",
                "read_only": false,
                "root_pass": "",
                "size": 512,
                "stackscript_data": {},
                "stackscript_id": 0
              }
            ],
            "group": "",
            "host_uuid": "830ba45bea77f90cf0fd8d8a699ac5b805e07c99",
            "id": "65287860",
            "image": "linode/centos-stream9",
            "interface": [],
            "ip_address": "198.74.58.224",
            "ipv4": [
              "198.74.58.224"
            ],
            "ipv6": "2600:3c03::f03c:95ff:fece:a6b4/128",
            "label": "worker-2",
            "private_ip": false,
            "private_ip_address": null,
            "region": "us-east",
            "resize_disk": false,
            "root_pass": null,
            "shared_ipv4": [],
            "specs": [
              {
                "disk": 81920,
                "memory": 4096,
                "transfer": 4000,
                "vcpus": 2
              }
            ],
            "stackscript_data": null,
            "stackscript_id": null,
            "status": "running",
            "swap_size": 512,
            "tags": [],
            "timeouts": null,
            "type": "g6-standard-2",
            "watchdog_enabled": true
          },
          "sensitive_attributes": [],
          "private": "eyJlMmJmYjczMC1lY2FhLTExZTYtOGY4OC0zNDM2M2JjN2M0YzAiOnsiY3JlYXRlIjo2MDAwMDAwMDAwMDAsImRlbGV0ZSI6NjAwMDAwMDAwMDAwLCJ1cGRhdGUiOjEyMDAwMDAwMDAwMDB9fQ=="
        },
        {
          "index_key": 2,
          "schema_version": 0,
          "attributes": {
            "alerts": [
              {
                "cpu": 180,
                "io": 10000,
                "network_in": 10,
                "network_out": 10,
                "transfer_quota": 80
              }
            ],
            "authorized_keys": [
              "ssh-rsa AAAAB3NzaC1yc2EAAAADAQABAAABAQDAVjDXnHGiJO38rx2tikLpNMkRZHpWPIBOb1PrUn0k5h2a8xEHfrsbuhQCsuJqH2s8EeaTm+YwNZYBanIYwT0aMxSGC0VjvBydXkWdH3yFpgkqPGV1SjL4qPKwpO9P5Rf6DkOZgJ3UMxNC4IPnE/sKvXjNymBbx2k/J3ITUa3O73M8nS2fPfA2GL352vuL3O2NZFE1UOqPUp75LCc8DiHQMX+8oW2/YpWdtnGKqxe6k1OwWiImJ2BwXjGe44p4OP2Aez84o3HGQbDZ7f/veH2H58pLLxf3CJzQWVY91S/E4/Dy0jb6FAU3O+j+/eTU3214Bo2vQDJJDU22way1M9KH yannickeboo@Yannicks-MacBook-Air.local"
            ],
            "authorized_users": null,
            "backup_id": null,
            "backups": [
              {
                "available": false,
                "enabled": false,
                "schedule": [
                  {
                    "day": "",
                    "window": ""
                  }
                ]
              }
            ],
            "backups_enabled": false,
            "boot_config_label": "My CentOS Stream 9 Disk Profile",
            "booted": true,
            "config": [
              {
                "comments": "",
                "devices": [
                  {
                    "sda": [
                      {
                        "disk_id": 127664246,
                        "disk_label": "CentOS Stream 9 Disk",
                        "volume_id": 0
                      }
                    ],
                    "sdb": [
                      {
                        "disk_id": 127664249,
                        "disk_label": "512 MB Swap Image",
                        "volume_id": 0
                      }
                    ],
                    "sdc": [],
                    "sdd": [],
                    "sde": [],
                    "sdf": [],
                    "sdg": [],
                    "sdh": []
                  }
                ],
                "helpers": [
                  {
                    "devtmpfs_automount": true,
                    "distro": true,
                    "modules_dep": true,
                    "network": true,
                    "updatedb_disabled": true
                  }
                ],
                "interface": [],
                "kernel": "linode/grub2",
                "label": "My CentOS Stream 9 Disk Profile",
                "memory_limit": 0,
                "root_device": "/dev/sda",
                "run_level": "default",
                "virt_mode": "paravirt"
              }
            ],
            "disk": [
              {
                "authorized_keys": [],
                "authorized_users": [],
                "filesystem": "ext4",
                "id": 127664246,
                "image": "",
                "label": "CentOS Stream 9 Disk",
                "read_only": false,
                "root_pass": "",
                "size": 81408,
                "stackscript_data": {},
                "stackscript_id": 0
              },
              {
                "authorized_keys": [],
                "authorized_users": [],
                "filesystem": "swap",
                "id": 127664249,
                "image": "",
                "label": "512 MB Swap Image",
                "read_only": false,
                "root_pass": "",
                "size": 512,
                "stackscript_data": {},
                "stackscript_id": 0
              }
            ],
            "group": "",
            "host_uuid": "3e5a6a9ddfd036b18ede36c2bdedf8ef47a5e01a",
            "id": "65287853",
            "image": "linode/centos-stream9",
            "interface": [],
            "ip_address": "45.79.138.238",
            "ipv4": [
              "45.79.138.238"
            ],
            "ipv6": "2600:3c03::f03c:95ff:fece:a62f/128",
            "label": "worker-3",
            "private_ip": false,
            "private_ip_address": null,
            "region": "us-east",
            "resize_disk": false,
            "root_pass": null,
            "shared_ipv4": [],
            "specs": [
              {
                "disk": 81920,
                "memory": 4096,
                "transfer": 4000,
                "vcpus": 2
              }
            ],
            "stackscript_data": null,
            "stackscript_id": null,
            "status": "running",
            "swap_size": 512,
            "tags": [],
            "timeouts": null,
            "type": "g6-standard-2",
            "watchdog_enabled": true
          },
          "sensitive_attributes": [],
          "private": "eyJlMmJmYjczMC1lY2FhLTExZTYtOGY4OC0zNDM2M2JjN2M0YzAiOnsiY3JlYXRlIjo2MDAwMDAwMDAwMDAsImRlbGV0ZSI6NjAwMDAwMDAwMDAwLCJ1cGRhdGUiOjEyMDAwMDAwMDAwMDB9fQ=="
        }
      ]
    }
  ],
  "check_results": null
}
